
Microsoft Visual Studio Solution File, Format Version 12.00
# Visual Studio Version 16
VisualStudioVersion = 16.0.31410.357
MinimumVisualStudioVersion = 10.0.40219.1
Project("{FAE04EC0-301F-11D3-BF4B-00C04F79EFBC}") = "m2mqttSubscriber", "m2mqttSubscriber\m2mqttSubscriber.csproj", "{37AE28EE-6A38-467D-B35D-115DFD941451}"
EndProject
Global
	GlobalSection(SolutionConfigurationPlatforms) = preSolution
		Debug|Any CPU = Debug|Any CPU
		Release|Any CPU = Release|Any CPU
	EndGlobalSection
	GlobalSection(ProjectConfigurationPlatforms) = postSolution
		{37AE28EE-6A38-467D-B35D-115DFD941451}.Debug|Any CPU.ActiveCfg = Debug|Any CPU
		{37AE28EE-6A38-467D-B35D-115DFD941451}.Debug|Any CPU.Build.0 = Debug|Any CPU
		{37AE28EE-6A38-467D-B35D-115DFD941451}.Release|Any CPU.ActiveCfg = Release|Any CPU
		{37AE28EE-6A38-467D-B35D-115DFD941451}.Release|Any CPU.Build.0 = Release|Any CPU
	EndGlobalSection
	GlobalSection(SolutionProperties) = preSolution
		HideSolutionNode = FALSE
	EndGlobalSection
	GlobalSection(ExtensibilityGlobals) = postSolution
		SolutionGuid = {5FB42E45-C438-40CB-8EFB-74E6270D0509}
	EndGlobalSection
EndGlobal
